{
  "name": "glitch-art-foundations-databending",
  "version": "1.0.0",
  "lockfileVersion": 1,
  "requires": true,
  "dependencies": {
    "FileUploader": {
      "version": "git+https://github.com/nbriz/FileUploader.git#0f7c78d3adcbb30e8a3f99decd4d4d9f1be0767b",
      "from": "git+https://github.com/nbriz/FileUploader.git"
    },
    "averigua": {
      "version": "git+https://github.com/nbriz/Averigua.git#5d8e50c45baf629feab927b46c28486660b894e4",
      "from": "git+https://github.com/nbriz/Averigua.git"
    },
    "huffmanextractor": {
      "version": "git+https://github.com/nbriz/HuffmanExtractor.git#a1d7fc3e2e24f3a7260e993961f3d26f65505e1b",
      "from": "git+https://github.com/nbriz/HuffmanExtractor.git"
    }
  }
}
